schema: '2.0'
stages:
  data_ingestion:
    cmd: python src/data/ingest_data.py
    deps:
    - path: data/raw/test.csv
      hash: md5
      md5: 744302d93c55901c0ae516ff76c7de36
      size: 45715862
    - path: data/raw/train.csv
      hash: md5
      md5: b44bbd013d84b8aafaf9d0bee279c90c
      size: 70025339
    - path: src/data/ingest_data.py
      hash: md5
      md5: 8be03ea8b2344bd96faf09109319066c
      size: 791
    outs:
    - path: data/processed
      hash: md5
      md5: a21907b378f7f6836f94dd0e85a320f5.dir
      size: 116060531
      nfiles: 2
  data_validation:
    cmd: python src/data/validate.py
    deps:
    - path: data/processed/train_processed.csv
      hash: md5
      md5: b5074075c96f9ce77cb356b3bca963e1
      size: 70219185
    - path: src/data/validate.py
      hash: md5
      md5: e3babb89b8d5a0c2340c47cff2a9d01c
      size: 932
    outs:
    - path: data/validation_reports
      hash: md5
      md5: c6e6daa93c1fc640a5c21dc1098877ea.dir
      size: 2880
      nfiles: 1
  feature_engineering:
    cmd: python src/features/feature_engineering.py
    deps:
    - path: data/processed/train_processed.csv
      hash: md5
      md5: b5074075c96f9ce77cb356b3bca963e1
      size: 70219185
    - path: src/features/feature_engineering.py
      hash: md5
      md5: 713c428f1fba751bfc064d9210b46d5a
      size: 3271
    outs:
    - path: data/features/X_train.csv
      hash: md5
      md5: d75655cff25d2c5d56127623880037b5
      size: 716899429
    - path: data/features/X_valid.csv
      hash: md5
      md5: 903c273db9388097b810be3f96199092
      size: 179228177
    - path: data/features/y_train.csv
      hash: md5
      md5: 3352450c219d00aa97f54fe5ebbda19b
      size: 1316688
    - path: data/features/y_valid.csv
      hash: md5
      md5: 2b62fe6b088ba69089ab8f891930a7c7
      size: 329278
    - path: models/feature_pipeline.pkl
      hash: md5
      md5: f3ecb1c90d8534626d822d74e5100189
      size: 33854
  model_training:
    cmd: python src/models/train.py
    deps:
    - path: data/features/X_train.csv
      hash: md5
      md5: d75655cff25d2c5d56127623880037b5
      size: 716899429
    - path: data/features/X_valid.csv
      hash: md5
      md5: 903c273db9388097b810be3f96199092
      size: 179228177
    - path: data/features/y_train.csv
      hash: md5
      md5: 3352450c219d00aa97f54fe5ebbda19b
      size: 1316688
    - path: data/features/y_valid.csv
      hash: md5
      md5: 2b62fe6b088ba69089ab8f891930a7c7
      size: 329278
    - path: src/models/train.py
      hash: md5
      md5: 0651f5c00654025dc932cc0779214f44
      size: 2395
    outs:
    - path: models/model.pkl
      hash: md5
      md5: b82ad2cbcdfb279ffab0dbb93dfec5d1
      size: 857096
    - path: reports/model_metrics.json
      hash: md5
      md5: 7f9395f72c793806cf5a87d9862b8d14
      size: 99
  model_evaluation:
    cmd: python src/models/evaluate.py
    deps:
    - path: data/features/X_valid.csv
      hash: md5
      md5: 903c273db9388097b810be3f96199092
      size: 179228177
    - path: data/features/y_valid.csv
      hash: md5
      md5: 2b62fe6b088ba69089ab8f891930a7c7
      size: 329278
    - path: models/model.pkl
      hash: md5
      md5: b82ad2cbcdfb279ffab0dbb93dfec5d1
      size: 857096
    - path: src/models/evaluate.py
      hash: md5
      md5: 0687d5148e93ac754013fdc3f189d928
      size: 2300
    outs:
    - path: reports/error_distribution.png
      hash: md5
      md5: 5d4a5b8b09d60b26b9819dd544d98802
      size: 17169
    - path: reports/evaluation_report.json
      hash: md5
      md5: 7f9395f72c793806cf5a87d9862b8d14
      size: 99
    - path: reports/residual_plot.png
      hash: md5
      md5: a22751987c5af236af7fff45cdae9570
      size: 61582
  model_explainability:
    cmd: python src/explainability/shap_explainer.py
    deps:
    - path: data/features/X_valid.csv
      hash: md5
      md5: 903c273db9388097b810be3f96199092
      size: 179228177
    - path: models/model.pkl
      hash: md5
      md5: b82ad2cbcdfb279ffab0dbb93dfec5d1
      size: 857096
    - path: src/explainability/shap_explainer.py
      hash: md5
      md5: abd735861e2bdf171a227978cfb8e2e7
      size: 1178
    outs:
    - path: reports/shap_feature_importance.png
      hash: md5
      md5: 729eeec101135d47b3928db6b2d99f06
      size: 32889
    - path: reports/shap_summary_plot.png
      hash: md5
      md5: 5bed53f45e369fcaa9ec4c6f30c56f15
      size: 74876
